
Microsoft Visual Studio Solution File, Format Version 12.00
# Visual Studio Version 17
VisualStudioVersion = 17.5.33530.505
MinimumVisualStudioVersion = 10.0.40219.1
Project("{9A19103F-16F7-4668-BE54-9A1E7A4F7556}") = "RunGroopWebApp", "RunGroopWebApp.csproj", "{5D1C881D-C110-4D34-BABA-90CDBB1EE408}"
EndProject
Project("{FAE04EC0-301F-11D3-BF4B-00C04F79EFBC}") = "LayerDAL", "..\LayerDAL\LayerDAL.csproj", "{4B7DA7CB-DBB7-4A76-96DB-4C8D7561C67A}"
EndProject
Global
	GlobalSection(SolutionConfigurationPlatforms) = preSolution
		Debug|Any CPU = Debug|Any CPU
		Release|Any CPU = Release|Any CPU
	EndGlobalSection
	GlobalSection(ProjectConfigurationPlatforms) = postSolution
		{5D1C881D-C110-4D34-BABA-90CDBB1EE408}.Debug|Any CPU.ActiveCfg = Debug|Any CPU
		{5D1C881D-C110-4D34-BABA-90CDBB1EE408}.Debug|Any CPU.Build.0 = Debug|Any CPU
		{5D1C881D-C110-4D34-BABA-90CDBB1EE408}.Release|Any CPU.ActiveCfg = Release|Any CPU
		{5D1C881D-C110-4D34-BABA-90CDBB1EE408}.Release|Any CPU.Build.0 = Release|Any CPU
		{4B7DA7CB-DBB7-4A76-96DB-4C8D7561C67A}.Debug|Any CPU.ActiveCfg = Debug|Any CPU
		{4B7DA7CB-DBB7-4A76-96DB-4C8D7561C67A}.Debug|Any CPU.Build.0 = Debug|Any CPU
		{4B7DA7CB-DBB7-4A76-96DB-4C8D7561C67A}.Release|Any CPU.ActiveCfg = Release|Any CPU
		{4B7DA7CB-DBB7-4A76-96DB-4C8D7561C67A}.Release|Any CPU.Build.0 = Release|Any CPU
	EndGlobalSection
	GlobalSection(SolutionProperties) = preSolution
		HideSolutionNode = FALSE
	EndGlobalSection
	GlobalSection(ExtensibilityGlobals) = postSolution
		SolutionGuid = {613F1934-FD12-49EB-BAA7-E59FF68B733F}
	EndGlobalSection
EndGlobal
